dependencies:
  pirates: 4.0.1
  windicss: 2.2.2
devDependencies:
  '@types/node': 14.14.31
  typescript: 4.2.2
lockfileVersion: 5.2
packages:
  /@types/node/14.14.31:
    dev: true
    resolution:
      integrity: sha512-vFHy/ezP5qI0rFgJ7aQnjDXwAMrG0KqqIH7tQG5PPv3BWBayOPIQNBjVc/P6hhdZfMx51REc6tfDNXHUio893g==
  /node-modules-regexp/1.0.0:
    dev: false
    engines:
      node: '>=0.10.0'
    resolution:
      integrity: sha1-jZ2+KJZKSsVxLpExZCEHxx6Q7EA=
  /pirates/4.0.1:
    dependencies:
      node-modules-regexp: 1.0.0
    dev: false
    engines:
      node: '>= 6'
    resolution:
      integrity: sha512-WuNqLTbMI3tmfef2TKxlQmAiLHKtFhlsCZnPIpuv2Ow0RDVO8lfy1Opf4NUzlMXLjPl+Men7AuVdX6TA+s+uGA==
  /typescript/4.2.2:
    dev: true
    engines:
      node: '>=4.2.0'
    hasBin: true
    resolution:
      integrity: sha512-tbb+NVrLfnsJy3M59lsDgrzWIflR4d4TIUjz+heUnHZwdF7YsrMTKoRERiIvI2lvBG95dfpLxB21WZhys1bgaQ==
  /windicss/2.2.2:
    dev: false
    engines:
      node: '>= 12'
    hasBin: true
    resolution:
      integrity: sha512-+yOlyx+j3/MJaoqhZb6BjjXnGMJcIdjaKs8cIYXkCr5t/wJLFBS35uDrqxo31IaSHOo/gtw+fcMyw8D+3oq6qg==
specifiers:
  '@types/node': ^14.14.31
  pirates: ^4.0.1
  typescript: ^4.2.2
  windicss: ^2.2.2
